
Microsoft Visual Studio Solution File, Format Version 12.00
# Visual Studio 15
VisualStudioVersion = 15.0.28010.2046
MinimumVisualStudioVersion = 10.0.40219.1
Project("{FAE04EC0-301F-11D3-BF4B-00C04F79EFBC}") = "Challenge_1", "Challenge_1\Challenge_1.csproj", "{6D2BCD7C-F4B7-4B58-B4FF-D6FC157C51C2}"
EndProject
Project("{FAE04EC0-301F-11D3-BF4B-00C04F79EFBC}") = "Challenge_1_Tests", "Challenge_1_Tests\Challenge_1_Tests.csproj", "{662AE9FB-B3CC-4CC5-A926-F455937E341E}"
EndProject
Project("{FAE04EC0-301F-11D3-BF4B-00C04F79EFBC}") = "Challenge_2_Tests", "Challenge_2_Tests\Challenge_2_Tests.csproj", "{0FF50060-246F-48E4-B2B4-4515C93C3245}"
EndProject
Project("{FAE04EC0-301F-11D3-BF4B-00C04F79EFBC}") = "Challenge_3_Tests", "Challenge_3_Tests\Challenge_3_Tests.csproj", "{78F02AB1-CAC4-4E99-B865-CA5F09AB2F5A}"
EndProject
Project("{FAE04EC0-301F-11D3-BF4B-00C04F79EFBC}") = "Challenge_4_Tests", "Challenge_4_Tests\Challenge_4_Tests.csproj", "{2026C1F6-3D62-4B59-99BD-249F2D9B7400}"
EndProject
Project("{FAE04EC0-301F-11D3-BF4B-00C04F79EFBC}") = "Challenge_5_Tests", "Challenge_5_Tests\Challenge_5_Tests.csproj", "{BF52B257-CDFB-4F10-A72F-9E22E345F845}"
EndProject
Project("{FAE04EC0-301F-11D3-BF4B-00C04F79EFBC}") = "Challenge_6_Tests", "Challenge_6_Tests\Challenge_6_Tests.csproj", "{965C3D79-F355-4939-90CD-13E7AD2CEB70}"
EndProject
Project("{FAE04EC0-301F-11D3-BF4B-00C04F79EFBC}") = "Challenge_7_Tests", "Challenge_7_Tests\Challenge_7_Tests.csproj", "{2FAB1FD7-F4EE-4754-8B3C-C3E61AFB85E8}"
EndProject
Project("{FAE04EC0-301F-11D3-BF4B-00C04F79EFBC}") = "Challenge_8_Tests", "Challenge_8_Tests\Challenge_8_Tests.csproj", "{A0170213-9B3E-446D-91A6-ACCF788CC89D}"
EndProject
Project("{FAE04EC0-301F-11D3-BF4B-00C04F79EFBC}") = "Challenge_2", "Challenge_2\Challenge_2.csproj", "{5E02710E-AE1C-4DD6-87DD-62F589D0285B}"
EndProject
Project("{FAE04EC0-301F-11D3-BF4B-00C04F79EFBC}") = "Challenge_3", "Challenge_3\Challenge_3.csproj", "{9F059205-EB6F-456E-AD69-060C259678EF}"
EndProject
Project("{FAE04EC0-301F-11D3-BF4B-00C04F79EFBC}") = "Challenge_4", "Challenge_4\Challenge_4.csproj", "{D3CE3831-5A08-49C2-B29C-4E51FF0881A7}"
EndProject
Project("{FAE04EC0-301F-11D3-BF4B-00C04F79EFBC}") = "Challenge_5", "Challenge_5\Challenge_5.csproj", "{34E908DE-CBB0-4C78-8537-1FBE25EDF139}"
EndProject
Project("{FAE04EC0-301F-11D3-BF4B-00C04F79EFBC}") = "Challenge_6", "Challenge_6\Challenge_6.csproj", "{20AF97C1-FFED-45CB-AC45-B5F30779066D}"
EndProject
Project("{FAE04EC0-301F-11D3-BF4B-00C04F79EFBC}") = "Challenge_8", "Challenge_8\Challenge_8.csproj", "{67872775-F5F2-41F6-BE1B-D7ABE664659F}"
EndProject
Project("{FAE04EC0-301F-11D3-BF4B-00C04F79EFBC}") = "Challenge_7", "Challenge_7\Challenge_7.csproj", "{63915BA0-4819-4EF2-A102-116E35811785}"
EndProject
Project("{FAE04EC0-301F-11D3-BF4B-00C04F79EFBC}") = "01_Data_Types", "..\CSharpFunsies\01_Data_Types\01_Data_Types.csproj", "{2F8F1864-1BF6-4073-B056-1F52BC6EF69B}"
EndProject
Project("{FAE04EC0-301F-11D3-BF4B-00C04F79EFBC}") = "02_if_else", "..\CSharpFunsies\02_if_else\02_if_else.csproj", "{74DCBBD3-409B-427A-9DB0-247CF4A771A0}"
EndProject
Project("{FAE04EC0-301F-11D3-BF4B-00C04F79EFBC}") = "03_if_else_practice", "..\CSharpFunsies\03_if_else_practice\03_if_else_practice.csproj", "{CC068DBE-B0A7-4C1B-BF91-E6286B8D2EA7}"
EndProject
Project("{FAE04EC0-301F-11D3-BF4B-00C04F79EFBC}") = "04_Switch_Case", "..\CSharpFunsies\04_Switch_Case\04_Switch_Case.csproj", "{4386505C-846D-4EDA-B30D-6DDAFEFEF4B4}"
EndProject
Project("{FAE04EC0-301F-11D3-BF4B-00C04F79EFBC}") = "05_loops", "..\CSharpFunsies\05_loops\05_loops.csproj", "{90AC83E2-7774-4C8C-BE1B-3B6AF4A32BE1}"
EndProject
Project("{FAE04EC0-301F-11D3-BF4B-00C04F79EFBC}") = "05_loops_ex1", "..\CSharpFunsies\05_loops_ex1\05_loops_ex1.csproj", "{01FEB717-C0DA-43CB-B341-383316FC4155}"
EndProject
Project("{FAE04EC0-301F-11D3-BF4B-00C04F79EFBC}") = "06_practice01", "..\CSharpFunsies\06_practice01\06_practice01.csproj", "{E67AAFAB-DB03-4CCE-A11C-895EC16975F2}"
EndProject
Project("{FAE04EC0-301F-11D3-BF4B-00C04F79EFBC}") = "07_methods", "..\CSharpFunsies\07_methods\07_methods.csproj", "{D05EFDF5-2563-4F57-A186-E96371B0885D}"
EndProject
Project("{FAE04EC0-301F-11D3-BF4B-00C04F79EFBC}") = "08_classes_01", "..\CSharpFunsies\08_classes_01\08_classes_01.csproj", "{22BC522C-C439-4C83-BFE5-333330E72818}"
EndProject
Project("{FAE04EC0-301F-11D3-BF4B-00C04F79EFBC}") = "08_classes_02", "..\CSharpFunsies\08_classes_02\08_classes_02.csproj", "{80328579-87AF-455A-A879-50BCA395B249}"
EndProject
Project("{FAE04EC0-301F-11D3-BF4B-00C04F79EFBC}") = "08_classes_03", "..\CSharpFunsies\08_classes_03\08_classes_03.csproj", "{17511F33-D7B3-4020-ACAB-13EA04008A93}"
EndProject
Project("{FAE04EC0-301F-11D3-BF4B-00C04F79EFBC}") = "08_classes_challenge_01", "..\CSharpFunsies\08_classes_challenge_01\08_classes_challenge_01.csproj", "{A987364C-5510-41C3-8509-53DA8362C012}"
EndProject
Project("{FAE04EC0-301F-11D3-BF4B-00C04F79EFBC}") = "07_collections_lists", "..\CSharpFunsies\07_collections_lists\07_collections_lists.csproj", "{2C951D07-10AE-4FAD-BFF2-3AEA0F4F447F}"
EndProject
Project("{FAE04EC0-301F-11D3-BF4B-00C04F79EFBC}") = "07_collections_lists_practice_01", "..\CSharpFunsies\07_collections_lists_practice_01\07_collections_lists_practice_01.csproj", "{06898D23-68AB-448E-B4B9-955A8AA94EA7}"
EndProject
Project("{FAE04EC0-301F-11D3-BF4B-00C04F79EFBC}") = "09_repository_pattern", "..\CSharpFunsies\09_repository_pattern\09_repository_pattern.csproj", "{5B6DA199-58C2-471C-AC6A-3A5EBC33D472}"
EndProject
Project("{FAE04EC0-301F-11D3-BF4B-00C04F79EFBC}") = "09_repository_pattern_test", "..\CSharpFunsies\09_repository_pattern_test\09_repository_pattern_test.csproj", "{1107A7BE-4093-41A1-829C-92B8FB94B300}"
EndProject
Project("{FAE04EC0-301F-11D3-BF4B-00C04F79EFBC}") = "07_collections_lists_practice_01_test", "..\CSharpFunsies\07_collections_lists_practice_01_test\07_collections_lists_practice_01_test.csproj", "{39AD735F-968D-421E-AE21-B5B33677862F}"
EndProject
Global
	GlobalSection(SolutionConfigurationPlatforms) = preSolution
		Debug|Any CPU = Debug|Any CPU
		Release|Any CPU = Release|Any CPU
	EndGlobalSection
	GlobalSection(ProjectConfigurationPlatforms) = postSolution
		{6D2BCD7C-F4B7-4B58-B4FF-D6FC157C51C2}.Debug|Any CPU.ActiveCfg = Debug|Any CPU
		{6D2BCD7C-F4B7-4B58-B4FF-D6FC157C51C2}.Debug|Any CPU.Build.0 = Debug|Any CPU
		{6D2BCD7C-F4B7-4B58-B4FF-D6FC157C51C2}.Release|Any CPU.ActiveCfg = Release|Any CPU
		{6D2BCD7C-F4B7-4B58-B4FF-D6FC157C51C2}.Release|Any CPU.Build.0 = Release|Any CPU
		{662AE9FB-B3CC-4CC5-A926-F455937E341E}.Debug|Any CPU.ActiveCfg = Debug|Any CPU
		{662AE9FB-B3CC-4CC5-A926-F455937E341E}.Debug|Any CPU.Build.0 = Debug|Any CPU
		{662AE9FB-B3CC-4CC5-A926-F455937E341E}.Release|Any CPU.ActiveCfg = Release|Any CPU
		{662AE9FB-B3CC-4CC5-A926-F455937E341E}.Release|Any CPU.Build.0 = Release|Any CPU
		{0FF50060-246F-48E4-B2B4-4515C93C3245}.Debug|Any CPU.ActiveCfg = Debug|Any CPU
		{0FF50060-246F-48E4-B2B4-4515C93C3245}.Debug|Any CPU.Build.0 = Debug|Any CPU
		{0FF50060-246F-48E4-B2B4-4515C93C3245}.Release|Any CPU.ActiveCfg = Release|Any CPU
		{0FF50060-246F-48E4-B2B4-4515C93C3245}.Release|Any CPU.Build.0 = Release|Any CPU
		{78F02AB1-CAC4-4E99-B865-CA5F09AB2F5A}.Debug|Any CPU.ActiveCfg = Debug|Any CPU
		{78F02AB1-CAC4-4E99-B865-CA5F09AB2F5A}.Debug|Any CPU.Build.0 = Debug|Any CPU
		{78F02AB1-CAC4-4E99-B865-CA5F09AB2F5A}.Release|Any CPU.ActiveCfg = Release|Any CPU
		{78F02AB1-CAC4-4E99-B865-CA5F09AB2F5A}.Release|Any CPU.Build.0 = Release|Any CPU
		{2026C1F6-3D62-4B59-99BD-249F2D9B7400}.Debug|Any CPU.ActiveCfg = Debug|Any CPU
		{2026C1F6-3D62-4B59-99BD-249F2D9B7400}.Debug|Any CPU.Build.0 = Debug|Any CPU
		{2026C1F6-3D62-4B59-99BD-249F2D9B7400}.Release|Any CPU.ActiveCfg = Release|Any CPU
		{2026C1F6-3D62-4B59-99BD-249F2D9B7400}.Release|Any CPU.Build.0 = Release|Any CPU
		{BF52B257-CDFB-4F10-A72F-9E22E345F845}.Debug|Any CPU.ActiveCfg = Debug|Any CPU
		{BF52B257-CDFB-4F10-A72F-9E22E345F845}.Debug|Any CPU.Build.0 = Debug|Any CPU
		{BF52B257-CDFB-4F10-A72F-9E22E345F845}.Release|Any CPU.ActiveCfg = Release|Any CPU
		{BF52B257-CDFB-4F10-A72F-9E22E345F845}.Release|Any CPU.Build.0 = Release|Any CPU
		{965C3D79-F355-4939-90CD-13E7AD2CEB70}.Debug|Any CPU.ActiveCfg = Debug|Any CPU
		{965C3D79-F355-4939-90CD-13E7AD2CEB70}.Debug|Any CPU.Build.0 = Debug|Any CPU
		{965C3D79-F355-4939-90CD-13E7AD2CEB70}.Release|Any CPU.ActiveCfg = Release|Any CPU
		{965C3D79-F355-4939-90CD-13E7AD2CEB70}.Release|Any CPU.Build.0 = Release|Any CPU
		{2FAB1FD7-F4EE-4754-8B3C-C3E61AFB85E8}.Debug|Any CPU.ActiveCfg = Debug|Any CPU
		{2FAB1FD7-F4EE-4754-8B3C-C3E61AFB85E8}.Debug|Any CPU.Build.0 = Debug|Any CPU
		{2FAB1FD7-F4EE-4754-8B3C-C3E61AFB85E8}.Release|Any CPU.ActiveCfg = Release|Any CPU
		{2FAB1FD7-F4EE-4754-8B3C-C3E61AFB85E8}.Release|Any CPU.Build.0 = Release|Any CPU
		{A0170213-9B3E-446D-91A6-ACCF788CC89D}.Debug|Any CPU.ActiveCfg = Debug|Any CPU
		{A0170213-9B3E-446D-91A6-ACCF788CC89D}.Debug|Any CPU.Build.0 = Debug|Any CPU
		{A0170213-9B3E-446D-91A6-ACCF788CC89D}.Release|Any CPU.ActiveCfg = Release|Any CPU
		{A0170213-9B3E-446D-91A6-ACCF788CC89D}.Release|Any CPU.Build.0 = Release|Any CPU
		{5E02710E-AE1C-4DD6-87DD-62F589D0285B}.Debug|Any CPU.ActiveCfg = Debug|Any CPU
		{5E02710E-AE1C-4DD6-87DD-62F589D0285B}.Debug|Any CPU.Build.0 = Debug|Any CPU
		{5E02710E-AE1C-4DD6-87DD-62F589D0285B}.Release|Any CPU.ActiveCfg = Release|Any CPU
		{5E02710E-AE1C-4DD6-87DD-62F589D0285B}.Release|Any CPU.Build.0 = Release|Any CPU
		{9F059205-EB6F-456E-AD69-060C259678EF}.Debug|Any CPU.ActiveCfg = Debug|Any CPU
		{9F059205-EB6F-456E-AD69-060C259678EF}.Debug|Any CPU.Build.0 = Debug|Any CPU
		{9F059205-EB6F-456E-AD69-060C259678EF}.Release|Any CPU.ActiveCfg = Release|Any CPU
		{9F059205-EB6F-456E-AD69-060C259678EF}.Release|Any CPU.Build.0 = Release|Any CPU
		{D3CE3831-5A08-49C2-B29C-4E51FF0881A7}.Debug|Any CPU.ActiveCfg = Debug|Any CPU
		{D3CE3831-5A08-49C2-B29C-4E51FF0881A7}.Debug|Any CPU.Build.0 = Debug|Any CPU
		{D3CE3831-5A08-49C2-B29C-4E51FF0881A7}.Release|Any CPU.ActiveCfg = Release|Any CPU
		{D3CE3831-5A08-49C2-B29C-4E51FF0881A7}.Release|Any CPU.Build.0 = Release|Any CPU
		{34E908DE-CBB0-4C78-8537-1FBE25EDF139}.Debug|Any CPU.ActiveCfg = Debug|Any CPU
		{34E908DE-CBB0-4C78-8537-1FBE25EDF139}.Debug|Any CPU.Build.0 = Debug|Any CPU
		{34E908DE-CBB0-4C78-8537-1FBE25EDF139}.Release|Any CPU.ActiveCfg = Release|Any CPU
		{34E908DE-CBB0-4C78-8537-1FBE25EDF139}.Release|Any CPU.Build.0 = Release|Any CPU
		{20AF97C1-FFED-45CB-AC45-B5F30779066D}.Debug|Any CPU.ActiveCfg = Debug|Any CPU
		{20AF97C1-FFED-45CB-AC45-B5F30779066D}.Debug|Any CPU.Build.0 = Debug|Any CPU
		{20AF97C1-FFED-45CB-AC45-B5F30779066D}.Release|Any CPU.ActiveCfg = Release|Any CPU
		{20AF97C1-FFED-45CB-AC45-B5F30779066D}.Release|Any CPU.Build.0 = Release|Any CPU
		{67872775-F5F2-41F6-BE1B-D7ABE664659F}.Debug|Any CPU.ActiveCfg = Debug|Any CPU
		{67872775-F5F2-41F6-BE1B-D7ABE664659F}.Debug|Any CPU.Build.0 = Debug|Any CPU
		{67872775-F5F2-41F6-BE1B-D7ABE664659F}.Release|Any CPU.ActiveCfg = Release|Any CPU
		{67872775-F5F2-41F6-BE1B-D7ABE664659F}.Release|Any CPU.Build.0 = Release|Any CPU
		{63915BA0-4819-4EF2-A102-116E35811785}.Debug|Any CPU.ActiveCfg = Debug|Any CPU
		{63915BA0-4819-4EF2-A102-116E35811785}.Debug|Any CPU.Build.0 = Debug|Any CPU
		{63915BA0-4819-4EF2-A102-116E35811785}.Release|Any CPU.ActiveCfg = Release|Any CPU
		{63915BA0-4819-4EF2-A102-116E35811785}.Release|Any CPU.Build.0 = Release|Any CPU
		{2F8F1864-1BF6-4073-B056-1F52BC6EF69B}.Debug|Any CPU.ActiveCfg = Debug|Any CPU
		{2F8F1864-1BF6-4073-B056-1F52BC6EF69B}.Debug|Any CPU.Build.0 = Debug|Any CPU
		{2F8F1864-1BF6-4073-B056-1F52BC6EF69B}.Release|Any CPU.ActiveCfg = Release|Any CPU
		{2F8F1864-1BF6-4073-B056-1F52BC6EF69B}.Release|Any CPU.Build.0 = Release|Any CPU
		{74DCBBD3-409B-427A-9DB0-247CF4A771A0}.Debug|Any CPU.ActiveCfg = Debug|Any CPU
		{74DCBBD3-409B-427A-9DB0-247CF4A771A0}.Debug|Any CPU.Build.0 = Debug|Any CPU
		{74DCBBD3-409B-427A-9DB0-247CF4A771A0}.Release|Any CPU.ActiveCfg = Release|Any CPU
		{74DCBBD3-409B-427A-9DB0-247CF4A771A0}.Release|Any CPU.Build.0 = Release|Any CPU
		{CC068DBE-B0A7-4C1B-BF91-E6286B8D2EA7}.Debug|Any CPU.ActiveCfg = Debug|Any CPU
		{CC068DBE-B0A7-4C1B-BF91-E6286B8D2EA7}.Debug|Any CPU.Build.0 = Debug|Any CPU
		{CC068DBE-B0A7-4C1B-BF91-E6286B8D2EA7}.Release|Any CPU.ActiveCfg = Release|Any CPU
		{CC068DBE-B0A7-4C1B-BF91-E6286B8D2EA7}.Release|Any CPU.Build.0 = Release|Any CPU
		{4386505C-846D-4EDA-B30D-6DDAFEFEF4B4}.Debug|Any CPU.ActiveCfg = Debug|Any CPU
		{4386505C-846D-4EDA-B30D-6DDAFEFEF4B4}.Debug|Any CPU.Build.0 = Debug|Any CPU
		{4386505C-846D-4EDA-B30D-6DDAFEFEF4B4}.Release|Any CPU.ActiveCfg = Release|Any CPU
		{4386505C-846D-4EDA-B30D-6DDAFEFEF4B4}.Release|Any CPU.Build.0 = Release|Any CPU
		{90AC83E2-7774-4C8C-BE1B-3B6AF4A32BE1}.Debug|Any CPU.ActiveCfg = Debug|Any CPU
		{90AC83E2-7774-4C8C-BE1B-3B6AF4A32BE1}.Debug|Any CPU.Build.0 = Debug|Any CPU
		{90AC83E2-7774-4C8C-BE1B-3B6AF4A32BE1}.Release|Any CPU.ActiveCfg = Release|Any CPU
		{90AC83E2-7774-4C8C-BE1B-3B6AF4A32BE1}.Release|Any CPU.Build.0 = Release|Any CPU
		{01FEB717-C0DA-43CB-B341-383316FC4155}.Debug|Any CPU.ActiveCfg = Debug|Any CPU
		{01FEB717-C0DA-43CB-B341-383316FC4155}.Debug|Any CPU.Build.0 = Debug|Any CPU
		{01FEB717-C0DA-43CB-B341-383316FC4155}.Release|Any CPU.ActiveCfg = Release|Any CPU
		{01FEB717-C0DA-43CB-B341-383316FC4155}.Release|Any CPU.Build.0 = Release|Any CPU
		{E67AAFAB-DB03-4CCE-A11C-895EC16975F2}.Debug|Any CPU.ActiveCfg = Debug|Any CPU
		{E67AAFAB-DB03-4CCE-A11C-895EC16975F2}.Debug|Any CPU.Build.0 = Debug|Any CPU
		{E67AAFAB-DB03-4CCE-A11C-895EC16975F2}.Release|Any CPU.ActiveCfg = Release|Any CPU
		{E67AAFAB-DB03-4CCE-A11C-895EC16975F2}.Release|Any CPU.Build.0 = Release|Any CPU
		{D05EFDF5-2563-4F57-A186-E96371B0885D}.Debug|Any CPU.ActiveCfg = Debug|Any CPU
		{D05EFDF5-2563-4F57-A186-E96371B0885D}.Debug|Any CPU.Build.0 = Debug|Any CPU
		{D05EFDF5-2563-4F57-A186-E96371B0885D}.Release|Any CPU.ActiveCfg = Release|Any CPU
		{D05EFDF5-2563-4F57-A186-E96371B0885D}.Release|Any CPU.Build.0 = Release|Any CPU
		{22BC522C-C439-4C83-BFE5-333330E72818}.Debug|Any CPU.ActiveCfg = Debug|Any CPU
		{22BC522C-C439-4C83-BFE5-333330E72818}.Debug|Any CPU.Build.0 = Debug|Any CPU
		{22BC522C-C439-4C83-BFE5-333330E72818}.Release|Any CPU.ActiveCfg = Release|Any CPU
		{22BC522C-C439-4C83-BFE5-333330E72818}.Release|Any CPU.Build.0 = Release|Any CPU
		{80328579-87AF-455A-A879-50BCA395B249}.Debug|Any CPU.ActiveCfg = Debug|Any CPU
		{80328579-87AF-455A-A879-50BCA395B249}.Debug|Any CPU.Build.0 = Debug|Any CPU
		{80328579-87AF-455A-A879-50BCA395B249}.Release|Any CPU.ActiveCfg = Release|Any CPU
		{80328579-87AF-455A-A879-50BCA395B249}.Release|Any CPU.Build.0 = Release|Any CPU
		{17511F33-D7B3-4020-ACAB-13EA04008A93}.Debug|Any CPU.ActiveCfg = Debug|Any CPU
		{17511F33-D7B3-4020-ACAB-13EA04008A93}.Debug|Any CPU.Build.0 = Debug|Any CPU
		{17511F33-D7B3-4020-ACAB-13EA04008A93}.Release|Any CPU.ActiveCfg = Release|Any CPU
		{17511F33-D7B3-4020-ACAB-13EA04008A93}.Release|Any CPU.Build.0 = Release|Any CPU
		{A987364C-5510-41C3-8509-53DA8362C012}.Debug|Any CPU.ActiveCfg = Debug|Any CPU
		{A987364C-5510-41C3-8509-53DA8362C012}.Debug|Any CPU.Build.0 = Debug|Any CPU
		{A987364C-5510-41C3-8509-53DA8362C012}.Release|Any CPU.ActiveCfg = Release|Any CPU
		{A987364C-5510-41C3-8509-53DA8362C012}.Release|Any CPU.Build.0 = Release|Any CPU
		{2C951D07-10AE-4FAD-BFF2-3AEA0F4F447F}.Debug|Any CPU.ActiveCfg = Debug|Any CPU
		{2C951D07-10AE-4FAD-BFF2-3AEA0F4F447F}.Debug|Any CPU.Build.0 = Debug|Any CPU
		{2C951D07-10AE-4FAD-BFF2-3AEA0F4F447F}.Release|Any CPU.ActiveCfg = Release|Any CPU
		{2C951D07-10AE-4FAD-BFF2-3AEA0F4F447F}.Release|Any CPU.Build.0 = Release|Any CPU
		{06898D23-68AB-448E-B4B9-955A8AA94EA7}.Debug|Any CPU.ActiveCfg = Debug|Any CPU
		{06898D23-68AB-448E-B4B9-955A8AA94EA7}.Debug|Any CPU.Build.0 = Debug|Any CPU
		{06898D23-68AB-448E-B4B9-955A8AA94EA7}.Release|Any CPU.ActiveCfg = Release|Any CPU
		{06898D23-68AB-448E-B4B9-955A8AA94EA7}.Release|Any CPU.Build.0 = Release|Any CPU
		{5B6DA199-58C2-471C-AC6A-3A5EBC33D472}.Debug|Any CPU.ActiveCfg = Debug|Any CPU
		{5B6DA199-58C2-471C-AC6A-3A5EBC33D472}.Debug|Any CPU.Build.0 = Debug|Any CPU
		{5B6DA199-58C2-471C-AC6A-3A5EBC33D472}.Release|Any CPU.ActiveCfg = Release|Any CPU
		{5B6DA199-58C2-471C-AC6A-3A5EBC33D472}.Release|Any CPU.Build.0 = Release|Any CPU
		{1107A7BE-4093-41A1-829C-92B8FB94B300}.Debug|Any CPU.ActiveCfg = Debug|Any CPU
		{1107A7BE-4093-41A1-829C-92B8FB94B300}.Debug|Any CPU.Build.0 = Debug|Any CPU
		{1107A7BE-4093-41A1-829C-92B8FB94B300}.Release|Any CPU.ActiveCfg = Release|Any CPU
		{1107A7BE-4093-41A1-829C-92B8FB94B300}.Release|Any CPU.Build.0 = Release|Any CPU
		{39AD735F-968D-421E-AE21-B5B33677862F}.Debug|Any CPU.ActiveCfg = Debug|Any CPU
		{39AD735F-968D-421E-AE21-B5B33677862F}.Debug|Any CPU.Build.0 = Debug|Any CPU
		{39AD735F-968D-421E-AE21-B5B33677862F}.Release|Any CPU.ActiveCfg = Release|Any CPU
		{39AD735F-968D-421E-AE21-B5B33677862F}.Release|Any CPU.Build.0 = Release|Any CPU
	EndGlobalSection
	GlobalSection(SolutionProperties) = preSolution
		HideSolutionNode = FALSE
	EndGlobalSection
	GlobalSection(ExtensibilityGlobals) = postSolution
		SolutionGuid = {F0814DEE-976C-4C3C-9170-3DC2D3B73083}
	EndGlobalSection
EndGlobal
